
Microsoft Visual Studio Solution File, Format Version 12.00
# Visual Studio Version 17
VisualStudioVersion = 17.9.34728.123
MinimumVisualStudioVersion = 10.0.40219.1
Project("{FAE04EC0-301F-11D3-BF4B-00C04F79EFBC}") = "PlakDukkaniApp", "PlakDukkaniApp\PlakDukkaniApp.csproj", "{55A57F38-9E3A-4E57-9FCD-BE66DA1F7D79}"
EndProject
Project("{FAE04EC0-301F-11D3-BF4B-00C04F79EFBC}") = "PlakDukkaniAppUI", "PlakDukkaniAppUI\PlakDukkaniAppUI.csproj", "{EF5DEA65-93D6-41B0-B03F-13D2DC8E3EB2}"
EndProject
Global
	GlobalSection(SolutionConfigurationPlatforms) = preSolution
		Debug|Any CPU = Debug|Any CPU
		Release|Any CPU = Release|Any CPU
	EndGlobalSection
	GlobalSection(ProjectConfigurationPlatforms) = postSolution
		{55A57F38-9E3A-4E57-9FCD-BE66DA1F7D79}.Debug|Any CPU.ActiveCfg = Debug|Any CPU
		{55A57F38-9E3A-4E57-9FCD-BE66DA1F7D79}.Debug|Any CPU.Build.0 = Debug|Any CPU
		{55A57F38-9E3A-4E57-9FCD-BE66DA1F7D79}.Release|Any CPU.ActiveCfg = Release|Any CPU
		{55A57F38-9E3A-4E57-9FCD-BE66DA1F7D79}.Release|Any CPU.Build.0 = Release|Any CPU
		{EF5DEA65-93D6-41B0-B03F-13D2DC8E3EB2}.Debug|Any CPU.ActiveCfg = Debug|Any CPU
		{EF5DEA65-93D6-41B0-B03F-13D2DC8E3EB2}.Debug|Any CPU.Build.0 = Debug|Any CPU
		{EF5DEA65-93D6-41B0-B03F-13D2DC8E3EB2}.Release|Any CPU.ActiveCfg = Release|Any CPU
		{EF5DEA65-93D6-41B0-B03F-13D2DC8E3EB2}.Release|Any CPU.Build.0 = Release|Any CPU
	EndGlobalSection
	GlobalSection(SolutionProperties) = preSolution
		HideSolutionNode = FALSE
	EndGlobalSection
	GlobalSection(ExtensibilityGlobals) = postSolution
		SolutionGuid = {55B433D9-7CE2-46B3-A0A2-140C11FF898C}
	EndGlobalSection
EndGlobal
